// !$*UTF8*$!
{
	archiveVersion = 1;
	classes = {
	};
	objectVersion = 56;
	objects = {

/* Begin PBXBuildFile section */
		65669FBEE1C39E12F78D1609 /* Pods_CaptureCraze.framework in Frameworks */ = {isa = PBXBuildFile; fileRef = BF3470948C895D00AF59A99C /* Pods_CaptureCraze.framework */; };
		887B36982A4A29FE001C1EFE /* CameraView.swift in Sources */ = {isa = PBXBuildFile; fileRef = 887B36972A4A29FE001C1EFE /* CameraView.swift */; };
		887B369A2A4A2A37001C1EFE /* VideoListView.swift in Sources */ = {isa = PBXBuildFile; fileRef = 887B36992A4A2A37001C1EFE /* VideoListView.swift */; };
		887B369D2A4A2E86001C1EFE /* Video.swift in Sources */ = {isa = PBXBuildFile; fileRef = 887B369C2A4A2E86001C1EFE /* Video.swift */; };
		887B36A02A4A2F69001C1EFE /* View+Extension.swift in Sources */ = {isa = PBXBuildFile; fileRef = 887B369F2A4A2F69001C1EFE /* View+Extension.swift */; };
		887B36A32A4A2FC6001C1EFE /* NavigationBarTitle.swift in Sources */ = {isa = PBXBuildFile; fileRef = 887B36A22A4A2FC6001C1EFE /* NavigationBarTitle.swift */; };
		8891BC8A2A549F1E00A70CC0 /* Kingfisher in Frameworks */ = {isa = PBXBuildFile; productRef = 8891BC892A549F1E00A70CC0 /* Kingfisher */; };
		8891BC8D2A54AB7A00A70CC0 /* ActivityIndicator.swift in Sources */ = {isa = PBXBuildFile; fileRef = 8891BC8C2A54AB7A00A70CC0 /* ActivityIndicator.swift */; };
		8891BC922A54B21F00A70CC0 /* Alert.swift in Sources */ = {isa = PBXBuildFile; fileRef = 8891BC912A54B21F00A70CC0 /* Alert.swift */; };
		8891BC942A54D26500A70CC0 /* ProgressBar.swift in Sources */ = {isa = PBXBuildFile; fileRef = 8891BC932A54D26500A70CC0 /* ProgressBar.swift */; };
		889D89E52A48CE6000D060E8 /* Assets.xcassets in Resources */ = {isa = PBXBuildFile; fileRef = 889D89E42A48CE6000D060E8 /* Assets.xcassets */; };
		889D89E82A48CE6000D060E8 /* Preview Assets.xcassets in Resources */ = {isa = PBXBuildFile; fileRef = 889D89E72A48CE6000D060E8 /* Preview Assets.xcassets */; };
		889D8A132A48D5DE00D060E8 /* AppDelegate.swift in Sources */ = {isa = PBXBuildFile; fileRef = 889D8A122A48D5DE00D060E8 /* AppDelegate.swift */; };
		889D8A152A48D5FB00D060E8 /* SceneDelegate.swift in Sources */ = {isa = PBXBuildFile; fileRef = 889D8A142A48D5FB00D060E8 /* SceneDelegate.swift */; };
		88A659DC2A51DA9900D65CC3 /* CameraViewModel.swift in Sources */ = {isa = PBXBuildFile; fileRef = 88A659DB2A51DA9900D65CC3 /* CameraViewModel.swift */; };
		88A659DE2A51E91700D65CC3 /* URL+Extension.swift in Sources */ = {isa = PBXBuildFile; fileRef = 88A659DD2A51E91700D65CC3 /* URL+Extension.swift */; };
		88A659E02A51EFAB00D65CC3 /* VideoPlayerView.swift in Sources */ = {isa = PBXBuildFile; fileRef = 88A659DF2A51EFAB00D65CC3 /* VideoPlayerView.swift */; };
/* End PBXBuildFile section */

/* Begin PBXFileReference section */
		1C1B65A87CFEAEAC728BDC62 /* Pods-CaptureCraze.debug.xcconfig */ = {isa = PBXFileReference; includeInIndex = 1; lastKnownFileType = text.xcconfig; name = "Pods-CaptureCraze.debug.xcconfig"; path = "Target Support Files/Pods-CaptureCraze/Pods-CaptureCraze.debug.xcconfig"; sourceTree = "<group>"; };
		887B36972A4A29FE001C1EFE /* CameraView.swift */ = {isa = PBXFileReference; lastKnownFileType = sourcecode.swift; path = CameraView.swift; sourceTree = "<group>"; };
		887B36992A4A2A37001C1EFE /* VideoListView.swift */ = {isa = PBXFileReference; lastKnownFileType = sourcecode.swift; path = VideoListView.swift; sourceTree = "<group>"; };
		887B369C2A4A2E86001C1EFE /* Video.swift */ = {isa = PBXFileReference; lastKnownFileType = sourcecode.swift; path = Video.swift; sourceTree = "<group>"; };
		887B369F2A4A2F69001C1EFE /* View+Extension.swift */ = {isa = PBXFileReference; lastKnownFileType = sourcecode.swift; path = "View+Extension.swift"; sourceTree = "<group>"; };
		887B36A22A4A2FC6001C1EFE /* NavigationBarTitle.swift */ = {isa = PBXFileReference; lastKnownFileType = sourcecode.swift; path = NavigationBarTitle.swift; sourceTree = "<group>"; };
		8891BC8C2A54AB7A00A70CC0 /* ActivityIndicator.swift */ = {isa = PBXFileReference; lastKnownFileType = sourcecode.swift; path = ActivityIndicator.swift; sourceTree = "<group>"; };
		8891BC912A54B21F00A70CC0 /* Alert.swift */ = {isa = PBXFileReference; lastKnownFileType = sourcecode.swift; name = Alert.swift; path = ../../../../../../../Applications/Alert.swift; sourceTree = "<group>"; };
		8891BC932A54D26500A70CC0 /* ProgressBar.swift */ = {isa = PBXFileReference; lastKnownFileType = sourcecode.swift; path = ProgressBar.swift; sourceTree = "<group>"; };
		889D89DD2A48CE5E00D060E8 /* CaptureCraze.app */ = {isa = PBXFileReference; explicitFileType = wrapper.application; includeInIndex = 0; path = CaptureCraze.app; sourceTree = BUILT_PRODUCTS_DIR; };
		889D89E42A48CE6000D060E8 /* Assets.xcassets */ = {isa = PBXFileReference; lastKnownFileType = folder.assetcatalog; path = Assets.xcassets; sourceTree = "<group>"; };
		889D89E72A48CE6000D060E8 /* Preview Assets.xcassets */ = {isa = PBXFileReference; lastKnownFileType = folder.assetcatalog; path = "Preview Assets.xcassets"; sourceTree = "<group>"; };
		889D8A122A48D5DE00D060E8 /* AppDelegate.swift */ = {isa = PBXFileReference; lastKnownFileType = sourcecode.swift; path = AppDelegate.swift; sourceTree = "<group>"; };
		889D8A142A48D5FB00D060E8 /* SceneDelegate.swift */ = {isa = PBXFileReference; lastKnownFileType = sourcecode.swift; path = SceneDelegate.swift; sourceTree = "<group>"; };
		889D8A162A48D66300D060E8 /* Info.plist */ = {isa = PBXFileReference; lastKnownFileType = text.plist; path = Info.plist; sourceTree = "<group>"; };
		88A659DB2A51DA9900D65CC3 /* CameraViewModel.swift */ = {isa = PBXFileReference; lastKnownFileType = sourcecode.swift; path = CameraViewModel.swift; sourceTree = "<group>"; };
		88A659DD2A51E91700D65CC3 /* URL+Extension.swift */ = {isa = PBXFileReference; lastKnownFileType = sourcecode.swift; path = "URL+Extension.swift"; sourceTree = "<group>"; };
		88A659DF2A51EFAB00D65CC3 /* VideoPlayerView.swift */ = {isa = PBXFileReference; lastKnownFileType = sourcecode.swift; path = VideoPlayerView.swift; sourceTree = "<group>"; };
		9EB54AB277F506DD2001ED5A /* Pods-CaptureCraze.release.xcconfig */ = {isa = PBXFileReference; includeInIndex = 1; lastKnownFileType = text.xcconfig; name = "Pods-CaptureCraze.release.xcconfig"; path = "Target Support Files/Pods-CaptureCraze/Pods-CaptureCraze.release.xcconfig"; sourceTree = "<group>"; };
		BF3470948C895D00AF59A99C /* Pods_CaptureCraze.framework */ = {isa = PBXFileReference; explicitFileType = wrapper.framework; includeInIndex = 0; path = Pods_CaptureCraze.framework; sourceTree = BUILT_PRODUCTS_DIR; };
/* End PBXFileReference section */

/* Begin PBXFrameworksBuildPhase section */
		889D89DA2A48CE5E00D060E8 /* Frameworks */ = {
			isa = PBXFrameworksBuildPhase;
			buildActionMask = 2147483647;
			files = (
				8891BC8A2A549F1E00A70CC0 /* Kingfisher in Frameworks */,
				65669FBEE1C39E12F78D1609 /* Pods_CaptureCraze.framework in Frameworks */,
			);
			runOnlyForDeploymentPostprocessing = 0;
		};
/* End PBXFrameworksBuildPhase section */

/* Begin PBXGroup section */
		782D45E6EEE7C6D279DC6C81 /* Pods */ = {
			isa = PBXGroup;
			children = (
				1C1B65A87CFEAEAC728BDC62 /* Pods-CaptureCraze.debug.xcconfig */,
				9EB54AB277F506DD2001ED5A /* Pods-CaptureCraze.release.xcconfig */,
			);
			path = Pods;
			sourceTree = "<group>";
		};
		887B369B2A4A2E77001C1EFE /* Models */ = {
			isa = PBXGroup;
			children = (
				887B369C2A4A2E86001C1EFE /* Video.swift */,
			);
			path = Models;
			sourceTree = "<group>";
		};
		887B369E2A4A2F44001C1EFE /* Extensions */ = {
			isa = PBXGroup;
			children = (
				887B369F2A4A2F69001C1EFE /* View+Extension.swift */,
				88A659DD2A51E91700D65CC3 /* URL+Extension.swift */,
			);
			path = Extensions;
			sourceTree = "<group>";
		};
		887B36A12A4A2F85001C1EFE /* Helpers */ = {
			isa = PBXGroup;
			children = (
				887B36A22A4A2FC6001C1EFE /* NavigationBarTitle.swift */,
				8891BC912A54B21F00A70CC0 /* Alert.swift */,
			);
			path = Helpers;
			sourceTree = "<group>";
		};
		8891BC8B2A54AB5700A70CC0 /* Components */ = {
			isa = PBXGroup;
			children = (
				8891BC8C2A54AB7A00A70CC0 /* ActivityIndicator.swift */,
				8891BC932A54D26500A70CC0 /* ProgressBar.swift */,
			);
			path = Components;
			sourceTree = "<group>";
		};
		889D89D42A48CE5E00D060E8 = {
			isa = PBXGroup;
			children = (
				889D89DF2A48CE5E00D060E8 /* CaptureCraze */,
				889D89DE2A48CE5E00D060E8 /* Products */,
				782D45E6EEE7C6D279DC6C81 /* Pods */,
				C494B6731843894B93076487 /* Frameworks */,
			);
			sourceTree = "<group>";
		};
		889D89DE2A48CE5E00D060E8 /* Products */ = {
			isa = PBXGroup;
			children = (
				889D89DD2A48CE5E00D060E8 /* CaptureCraze.app */,
			);
			name = Products;
			sourceTree = "<group>";
		};
		889D89DF2A48CE5E00D060E8 /* CaptureCraze */ = {
			isa = PBXGroup;
			children = (
				88A659DA2A51DA8300D65CC3 /* ViewModel */,
				887B36A12A4A2F85001C1EFE /* Helpers */,
				887B369E2A4A2F44001C1EFE /* Extensions */,
				887B369B2A4A2E77001C1EFE /* Models */,
				889D8A1B2A48DB2F00D060E8 /* Resources */,
				889D8A1A2A48DAFB00D060E8 /* Supporting Files */,
				889D8A192A48DAF400D060E8 /* Views */,
				889D8A162A48D66300D060E8 /* Info.plist */,
				889D89E62A48CE6000D060E8 /* Preview Content */,
			);
			path = CaptureCraze;
			sourceTree = "<group>";
		};
		889D89E62A48CE6000D060E8 /* Preview Content */ = {
			isa = PBXGroup;
			children = (
				889D89E72A48CE6000D060E8 /* Preview Assets.xcassets */,
			);
			path = "Preview Content";
			sourceTree = "<group>";
		};
		889D8A192A48DAF400D060E8 /* Views */ = {
			isa = PBXGroup;
			children = (
				8891BC8B2A54AB5700A70CC0 /* Components */,
				887B36972A4A29FE001C1EFE /* CameraView.swift */,
				887B36992A4A2A37001C1EFE /* VideoListView.swift */,
				88A659DF2A51EFAB00D65CC3 /* VideoPlayerView.swift */,
			);
			path = Views;
			sourceTree = "<group>";
		};
		889D8A1A2A48DAFB00D060E8 /* Supporting Files */ = {
			isa = PBXGroup;
			children = (
				889D8A122A48D5DE00D060E8 /* AppDelegate.swift */,
				889D8A142A48D5FB00D060E8 /* SceneDelegate.swift */,
			);
			path = "Supporting Files";
			sourceTree = "<group>";
		};
		889D8A1B2A48DB2F00D060E8 /* Resources */ = {
			isa = PBXGroup;
			children = (
				889D89E42A48CE6000D060E8 /* Assets.xcassets */,
			);
			path = Resources;
			sourceTree = "<group>";
		};
		88A659DA2A51DA8300D65CC3 /* ViewModel */ = {
			isa = PBXGroup;
			children = (
				88A659DB2A51DA9900D65CC3 /* CameraViewModel.swift */,
			);
			path = ViewModel;
			sourceTree = "<group>";
		};
		C494B6731843894B93076487 /* Frameworks */ = {
			isa = PBXGroup;
			children = (
				BF3470948C895D00AF59A99C /* Pods_CaptureCraze.framework */,
			);
			name = Frameworks;
			sourceTree = "<group>";
		};
/* End PBXGroup section */

/* Begin PBXNativeTarget section */
		889D89DC2A48CE5E00D060E8 /* CaptureCraze */ = {
			isa = PBXNativeTarget;
			buildConfigurationList = 889D89EB2A48CE6000D060E8 /* Build configuration list for PBXNativeTarget "CaptureCraze" */;
			buildPhases = (
				1F9BAA7C8BF7C1CD30942813 /* [CP] Check Pods Manifest.lock */,
				889D89D92A48CE5E00D060E8 /* Sources */,
				889D89DA2A48CE5E00D060E8 /* Frameworks */,
				889D89DB2A48CE5E00D060E8 /* Resources */,
				C3C457A33D4395FAE0EF1CCA /* [CP] Embed Pods Frameworks */,
			);
			buildRules = (
			);
			dependencies = (
			);
			name = CaptureCraze;
			packageProductDependencies = (
				8891BC892A549F1E00A70CC0 /* Kingfisher */,
			);
			productName = CaptureCraze;
			productReference = 889D89DD2A48CE5E00D060E8 /* CaptureCraze.app */;
			productType = "com.apple.product-type.application";
		};
/* End PBXNativeTarget section */

/* Begin PBXProject section */
		889D89D52A48CE5E00D060E8 /* Project object */ = {
			isa = PBXProject;
			attributes = {
				BuildIndependentTargetsInParallel = 1;
				LastSwiftUpdateCheck = 1410;
				LastUpgradeCheck = 1410;
				TargetAttributes = {
					889D89DC2A48CE5E00D060E8 = {
						CreatedOnToolsVersion = 14.1;
					};
				};
			};
			buildConfigurationList = 889D89D82A48CE5E00D060E8 /* Build configuration list for PBXProject "CaptureCraze" */;
			compatibilityVersion = "Xcode 14.0";
			developmentRegion = en;
			hasScannedForEncodings = 0;
			knownRegions = (
				en,
				Base,
			);
			mainGroup = 889D89D42A48CE5E00D060E8;
			packageReferences = (
				8891BC882A549F1E00A70CC0 /* XCRemoteSwiftPackageReference "Kingfisher" */,
			);
			productRefGroup = 889D89DE2A48CE5E00D060E8 /* Products */;
			projectDirPath = "";
			projectRoot = "";
			targets = (
				889D89DC2A48CE5E00D060E8 /* CaptureCraze */,
			);
		};
/* End PBXProject section */

/* Begin PBXResourcesBuildPhase section */
		889D89DB2A48CE5E00D060E8 /* Resources */ = {
			isa = PBXResourcesBuildPhase;
			buildActionMask = 2147483647;
			files = (
				889D89E82A48CE6000D060E8 /* Preview Assets.xcassets in Resources */,
				889D89E52A48CE6000D060E8 /* Assets.xcassets in Resources */,
			);
			runOnlyForDeploymentPostprocessing = 0;
		};
/* End PBXResourcesBuildPhase section */

/* Begin PBXShellScriptBuildPhase section */
		1F9BAA7C8BF7C1CD30942813 /* [CP] Check Pods Manifest.lock */ = {
			isa = PBXShellScriptBuildPhase;
			buildActionMask = 2147483647;
			files = (
			);
			inputFileListPaths = (
			);
			inputPaths = (
				"${PODS_PODFILE_DIR_PATH}/Podfile.lock",
				"${PODS_ROOT}/Manifest.lock",
			);
			name = "[CP] Check Pods Manifest.lock";
			outputFileListPaths = (
			);
			outputPaths = (
				"$(DERIVED_FILE_DIR)/Pods-CaptureCraze-checkManifestLockResult.txt",
			);
			runOnlyForDeploymentPostprocessing = 0;
			shellPath = /bin/sh;
			shellScript = "diff \"${PODS_PODFILE_DIR_PATH}/Podfile.lock\" \"${PODS_ROOT}/Manifest.lock\" > /dev/null\nif [ $? != 0 ] ; then\n    # print error to STDERR\n    echo \"error: The sandbox is not in sync with the Podfile.lock. Run 'pod install' or update your CocoaPods installation.\" >&2\n    exit 1\nfi\n# This output is used by Xcode 'outputs' to avoid re-running this script phase.\necho \"SUCCESS\" > \"${SCRIPT_OUTPUT_FILE_0}\"\n";
			showEnvVarsInLog = 0;
		};
		C3C457A33D4395FAE0EF1CCA /* [CP] Embed Pods Frameworks */ = {
			isa = PBXShellScriptBuildPhase;
			buildActionMask = 2147483647;
			files = (
			);
			inputFileListPaths = (
				"${PODS_ROOT}/Target Support Files/Pods-CaptureCraze/Pods-CaptureCraze-frameworks-${CONFIGURATION}-input-files.xcfilelist",
			);
			name = "[CP] Embed Pods Frameworks";
			outputFileListPaths = (
				"${PODS_ROOT}/Target Support Files/Pods-CaptureCraze/Pods-CaptureCraze-frameworks-${CONFIGURATION}-output-files.xcfilelist",
			);
			runOnlyForDeploymentPostprocessing = 0;
			shellPath = /bin/sh;
			shellScript = "\"${PODS_ROOT}/Target Support Files/Pods-CaptureCraze/Pods-CaptureCraze-frameworks.sh\"\n";
			showEnvVarsInLog = 0;
		};
/* End PBXShellScriptBuildPhase section */

/* Begin PBXSourcesBuildPhase section */
		889D89D92A48CE5E00D060E8 /* Sources */ = {
			isa = PBXSourcesBuildPhase;
			buildActionMask = 2147483647;
			files = (
				887B369A2A4A2A37001C1EFE /* VideoListView.swift in Sources */,
				887B369D2A4A2E86001C1EFE /* Video.swift in Sources */,
				887B36A32A4A2FC6001C1EFE /* NavigationBarTitle.swift in Sources */,
				889D8A132A48D5DE00D060E8 /* AppDelegate.swift in Sources */,
				889D8A152A48D5FB00D060E8 /* SceneDelegate.swift in Sources */,
				8891BC8D2A54AB7A00A70CC0 /* ActivityIndicator.swift in Sources */,
				8891BC922A54B21F00A70CC0 /* Alert.swift in Sources */,
				88A659DE2A51E91700D65CC3 /* URL+Extension.swift in Sources */,
				88A659DC2A51DA9900D65CC3 /* CameraViewModel.swift in Sources */,
				887B36A02A4A2F69001C1EFE /* View+Extension.swift in Sources */,
				8891BC942A54D26500A70CC0 /* ProgressBar.swift in Sources */,
				887B36982A4A29FE001C1EFE /* CameraView.swift in Sources */,
				88A659E02A51EFAB00D65CC3 /* VideoPlayerView.swift in Sources */,
			);
			runOnlyForDeploymentPostprocessing = 0;
		};
/* End PBXSourcesBuildPhase section */

/* Begin XCBuildConfiguration section */
		889D89E92A48CE6000D060E8 /* Debug */ = {
			isa = XCBuildConfiguration;
			buildSettings = {
				ALWAYS_SEARCH_USER_PATHS = NO;
				CLANG_ANALYZER_NONNULL = YES;
				CLANG_ANALYZER_NUMBER_OBJECT_CONVERSION = YES_AGGRESSIVE;
				CLANG_CXX_LANGUAGE_STANDARD = "gnu++20";
				CLANG_ENABLE_MODULES = YES;
				CLANG_ENABLE_OBJC_ARC = YES;
				CLANG_ENABLE_OBJC_WEAK = YES;
				CLANG_WARN_BLOCK_CAPTURE_AUTORELEASING = YES;
				CLANG_WARN_BOOL_CONVERSION = YES;
				CLANG_WARN_COMMA = YES;
				CLANG_WARN_CONSTANT_CONVERSION = YES;
				CLANG_WARN_DEPRECATED_OBJC_IMPLEMENTATIONS = YES;
				CLANG_WARN_DIRECT_OBJC_ISA_USAGE = YES_ERROR;
				CLANG_WARN_DOCUMENTATION_COMMENTS = YES;
				CLANG_WARN_EMPTY_BODY = YES;
				CLANG_WARN_ENUM_CONVERSION = YES;
				CLANG_WARN_INFINITE_RECURSION = YES;
				CLANG_WARN_INT_CONVERSION = YES;
				CLANG_WARN_NON_LITERAL_NULL_CONVERSION = YES;
				CLANG_WARN_OBJC_IMPLICIT_RETAIN_SELF = YES;
				CLANG_WARN_OBJC_LITERAL_CONVERSION = YES;
				CLANG_WARN_OBJC_ROOT_CLASS = YES_ERROR;
				CLANG_WARN_QUOTED_INCLUDE_IN_FRAMEWORK_HEADER = YES;
				CLANG_WARN_RANGE_LOOP_ANALYSIS = YES;
				CLANG_WARN_STRICT_PROTOTYPES = YES;
				CLANG_WARN_SUSPICIOUS_MOVE = YES;
				CLANG_WARN_UNGUARDED_AVAILABILITY = YES_AGGRESSIVE;
				CLANG_WARN_UNREACHABLE_CODE = YES;
				CLANG_WARN__DUPLICATE_METHOD_MATCH = YES;
				COPY_PHASE_STRIP = NO;
				DEBUG_INFORMATION_FORMAT = dwarf;
				ENABLE_STRICT_OBJC_MSGSEND = YES;
				ENABLE_TESTABILITY = YES;
				GCC_C_LANGUAGE_STANDARD = gnu11;
				GCC_DYNAMIC_NO_PIC = NO;
				GCC_NO_COMMON_BLOCKS = YES;
				GCC_OPTIMIZATION_LEVEL = 0;
				GCC_PREPROCESSOR_DEFINITIONS = (
					"DEBUG=1",
					"$(inherited)",
				);
				GCC_WARN_64_TO_32_BIT_CONVERSION = YES;
				GCC_WARN_ABOUT_RETURN_TYPE = YES_ERROR;
				GCC_WARN_UNDECLARED_SELECTOR = YES;
				GCC_WARN_UNINITIALIZED_AUTOS = YES_AGGRESSIVE;
				GCC_WARN_UNUSED_FUNCTION = YES;
				GCC_WARN_UNUSED_VARIABLE = YES;
				IPHONEOS_DEPLOYMENT_TARGET = 13.0;
				MTL_ENABLE_DEBUG_INFO = INCLUDE_SOURCE;
				MTL_FAST_MATH = YES;
				ONLY_ACTIVE_ARCH = YES;
				SDKROOT = iphoneos;
				SWIFT_ACTIVE_COMPILATION_CONDITIONS = DEBUG;
				SWIFT_OPTIMIZATION_LEVEL = "-Onone";
			};
			name = Debug;
		};
		889D89EA2A48CE6000D060E8 /* Release */ = {
			isa = XCBuildConfiguration;
			buildSettings = {
				ALWAYS_SEARCH_USER_PATHS = NO;
				CLANG_ANALYZER_NONNULL = YES;
				CLANG_ANALYZER_NUMBER_OBJECT_CONVERSION = YES_AGGRESSIVE;
				CLANG_CXX_LANGUAGE_STANDARD = "gnu++20";
				CLANG_ENABLE_MODULES = YES;
				CLANG_ENABLE_OBJC_ARC = YES;
				CLANG_ENABLE_OBJC_WEAK = YES;
				CLANG_WARN_BLOCK_CAPTURE_AUTORELEASING = YES;
				CLANG_WARN_BOOL_CONVERSION = YES;
				CLANG_WARN_COMMA = YES;
				CLANG_WARN_CONSTANT_CONVERSION = YES;
				CLANG_WARN_DEPRECATED_OBJC_IMPLEMENTATIONS = YES;
				CLANG_WARN_DIRECT_OBJC_ISA_USAGE = YES_ERROR;
				CLANG_WARN_DOCUMENTATION_COMMENTS = YES;
				CLANG_WARN_EMPTY_BODY = YES;
				CLANG_WARN_ENUM_CONVERSION = YES;
				CLANG_WARN_INFINITE_RECURSION = YES;
				CLANG_WARN_INT_CONVERSION = YES;
				CLANG_WARN_NON_LITERAL_NULL_CONVERSION = YES;
				CLANG_WARN_OBJC_IMPLICIT_RETAIN_SELF = YES;
				CLANG_WARN_OBJC_LITERAL_CONVERSION = YES;
				CLANG_WARN_OBJC_ROOT_CLASS = YES_ERROR;
				CLANG_WARN_QUOTED_INCLUDE_IN_FRAMEWORK_HEADER = YES;
				CLANG_WARN_RANGE_LOOP_ANALYSIS = YES;
				CLANG_WARN_STRICT_PROTOTYPES = YES;
				CLANG_WARN_SUSPICIOUS_MOVE = YES;
				CLANG_WARN_UNGUARDED_AVAILABILITY = YES_AGGRESSIVE;
				CLANG_WARN_UNREACHABLE_CODE = YES;
				CLANG_WARN__DUPLICATE_METHOD_MATCH = YES;
				COPY_PHASE_STRIP = NO;
				DEBUG_INFORMATION_FORMAT = "dwarf-with-dsym";
				ENABLE_NS_ASSERTIONS = NO;
				ENABLE_STRICT_OBJC_MSGSEND = YES;
				GCC_C_LANGUAGE_STANDARD = gnu11;
				GCC_NO_COMMON_BLOCKS = YES;
				GCC_WARN_64_TO_32_BIT_CONVERSION = YES;
				GCC_WARN_ABOUT_RETURN_TYPE = YES_ERROR;
				GCC_WARN_UNDECLARED_SELECTOR = YES;
				GCC_WARN_UNINITIALIZED_AUTOS = YES_AGGRESSIVE;
				GCC_WARN_UNUSED_FUNCTION = YES;
				GCC_WARN_UNUSED_VARIABLE = YES;
				IPHONEOS_DEPLOYMENT_TARGET = 13.0;
				MTL_ENABLE_DEBUG_INFO = NO;
				MTL_FAST_MATH = YES;
				SDKROOT = iphoneos;
				SWIFT_COMPILATION_MODE = wholemodule;
				SWIFT_OPTIMIZATION_LEVEL = "-O";
				VALIDATE_PRODUCT = YES;
			};
			name = Release;
		};
		889D89EC2A48CE6000D060E8 /* Debug */ = {
			isa = XCBuildConfiguration;
			baseConfigurationReference = 1C1B65A87CFEAEAC728BDC62 /* Pods-CaptureCraze.debug.xcconfig */;
			buildSettings = {
				ASSETCATALOG_COMPILER_APPICON_NAME = AppIcon;
				ASSETCATALOG_COMPILER_GLOBAL_ACCENT_COLOR_NAME = AccentColor;
				CODE_SIGN_IDENTITY = "Apple Development";
				CODE_SIGN_STYLE = Automatic;
				CURRENT_PROJECT_VERSION = 1;
				DEVELOPMENT_ASSET_PATHS = "\"CaptureCraze/Preview Content\"";
				DEVELOPMENT_TEAM = 8KF46UL5SB;
				ENABLE_PREVIEWS = YES;
				GENERATE_INFOPLIST_FILE = YES;
				INFOPLIST_FILE = CaptureCraze/Info.plist;
				INFOPLIST_KEY_NSCameraUsageDescription = "To Capture Videos";
				INFOPLIST_KEY_NSMicrophoneUsageDescription = "";
				INFOPLIST_KEY_UIApplicationSupportsIndirectInputEvents = YES;
				INFOPLIST_KEY_UILaunchScreen_Generation = YES;
				INFOPLIST_KEY_UIRequiresFullScreen = YES;
				INFOPLIST_KEY_UISupportedInterfaceOrientations_iPad = "UIInterfaceOrientationPortrait UIInterfaceOrientationPortraitUpsideDown UIInterfaceOrientationLandscapeLeft UIInterfaceOrientationLandscapeRight";
				INFOPLIST_KEY_UISupportedInterfaceOrientations_iPhone = "UIInterfaceOrientationPortrait UIInterfaceOrientationLandscapeLeft UIInterfaceOrientationLandscapeRight";
				IPHONEOS_DEPLOYMENT_TARGET = 13.0;
				LD_RUNPATH_SEARCH_PATHS = (
					"$(inherited)",
					"@executable_path/Frameworks",
				);
				MARKETING_VERSION = 1.0;
				PRODUCT_BUNDLE_IDENTIFIER = com.test.CaptureCraze;
				PRODUCT_NAME = "$(TARGET_NAME)";
				PROVISIONING_PROFILE_SPECIFIER = "";
				SWIFT_EMIT_LOC_STRINGS = YES;
				SWIFT_VERSION = 5.0;
				TARGETED_DEVICE_FAMILY = "1,2";
			};
			name = Debug;
		};
		889D89ED2A48CE6000D060E8 /* Release */ = {
			isa = XCBuildConfiguration;
			baseConfigurationReference = 9EB54AB277F506DD2001ED5A /* Pods-CaptureCraze.release.xcconfig */;
			buildSettings = {
				ASSETCATALOG_COMPILER_APPICON_NAME = AppIcon;
				ASSETCATALOG_COMPILER_GLOBAL_ACCENT_COLOR_NAME = AccentColor;
				CODE_SIGN_IDENTITY = "Apple Development";
				CODE_SIGN_STYLE = Automatic;
				CURRENT_PROJECT_VERSION = 1;
				DEVELOPMENT_ASSET_PATHS = "\"CaptureCraze/Preview Content\"";
				DEVELOPMENT_TEAM = 8KF46UL5SB;
				ENABLE_PREVIEWS = YES;
				GENERATE_INFOPLIST_FILE = YES;
				INFOPLIST_FILE = CaptureCraze/Info.plist;
				INFOPLIST_KEY_NSCameraUsageDescription = "To Capture Videos";
				INFOPLIST_KEY_NSMicrophoneUsageDescription = "";
				INFOPLIST_KEY_UIApplicationSupportsIndirectInputEvents = YES;
				INFOPLIST_KEY_UILaunchScreen_Generation = YES;
				INFOPLIST_KEY_UIRequiresFullScreen = YES;
				INFOPLIST_KEY_UISupportedInterfaceOrientations_iPad = "UIInterfaceOrientationPortrait UIInterfaceOrientationPortraitUpsideDown UIInterfaceOrientationLandscapeLeft UIInterfaceOrientationLandscapeRight";
				INFOPLIST_KEY_UISupportedInterfaceOrientations_iPhone = "UIInterfaceOrientationPortrait UIInterfaceOrientationLandscapeLeft UIInterfaceOrientationLandscapeRight";
				IPHONEOS_DEPLOYMENT_TARGET = 13.0;
				LD_RUNPATH_SEARCH_PATHS = (
					"$(inherited)",
					"@executable_path/Frameworks",
				);
				MARKETING_VERSION = 1.0;
				PRODUCT_BUNDLE_IDENTIFIER = com.test.CaptureCraze;
				PRODUCT_NAME = "$(TARGET_NAME)";
				PROVISIONING_PROFILE_SPECIFIER = "";
				SWIFT_EMIT_LOC_STRINGS = YES;
				SWIFT_VERSION = 5.0;
				TARGETED_DEVICE_FAMILY = "1,2";
			};
			name = Release;
		};
/* End XCBuildConfiguration section */

/* Begin XCConfigurationList section */
		889D89D82A48CE5E00D060E8 /* Build configuration list for PBXProject "CaptureCraze" */ = {
			isa = XCConfigurationList;
			buildConfigurations = (
				889D89E92A48CE6000D060E8 /* Debug */,
				889D89EA2A48CE6000D060E8 /* Release */,
			);
			defaultConfigurationIsVisible = 0;
			defaultConfigurationName = Release;
		};
		889D89EB2A48CE6000D060E8 /* Build configuration list for PBXNativeTarget "CaptureCraze" */ = {
			isa = XCConfigurationList;
			buildConfigurations = (
				889D89EC2A48CE6000D060E8 /* Debug */,
				889D89ED2A48CE6000D060E8 /* Release */,
			);
			defaultConfigurationIsVisible = 0;
			defaultConfigurationName = Release;
		};
/* End XCConfigurationList section */

/* Begin XCRemoteSwiftPackageReference section */
		8891BC882A549F1E00A70CC0 /* XCRemoteSwiftPackageReference "Kingfisher" */ = {
			isa = XCRemoteSwiftPackageReference;
			repositoryURL = "https://github.com/onevcat/Kingfisher.git";
			requirement = {
				kind = upToNextMajorVersion;
				minimumVersion = 6.3.1;
			};
		};
/* End XCRemoteSwiftPackageReference section */

/* Begin XCSwiftPackageProductDependency section */
		8891BC892A549F1E00A70CC0 /* Kingfisher */ = {
			isa = XCSwiftPackageProductDependency;
			package = 8891BC882A549F1E00A70CC0 /* XCRemoteSwiftPackageReference "Kingfisher" */;
			productName = Kingfisher;
		};
/* End XCSwiftPackageProductDependency section */
	};
	rootObject = 889D89D52A48CE5E00D060E8 /* Project object */;
}
